
Microsoft Visual Studio Solution File, Format Version 12.00
# Visual Studio Version 17
VisualStudioVersion = 17.8.34408.163
MinimumVisualStudioVersion = 10.0.40219.1
Project("{FAE04EC0-301F-11D3-BF4B-00C04F79EFBC}") = "ProductManagement", "ProductManagement\ProductManagement.csproj", "{66996517-087A-4443-B6C0-4727B40189D8}"
EndProject
Project("{FAE04EC0-301F-11D3-BF4B-00C04F79EFBC}") = "Domain", "Domain\Domain.csproj", "{F5B2F9C2-A585-43D3-A1E6-BA85FD7ACE06}"
EndProject
Project("{FAE04EC0-301F-11D3-BF4B-00C04F79EFBC}") = "Application", "Application\Application.csproj", "{893FDEE1-9A76-4D41-A8B1-33D59CC61F81}"
EndProject
Project("{FAE04EC0-301F-11D3-BF4B-00C04F79EFBC}") = "Infrastructure", "Infrastructure\Infrastructure.csproj", "{6BC6887D-B112-4398-BFA3-A3288AC9A224}"
EndProject
Global
	GlobalSection(SolutionConfigurationPlatforms) = preSolution
		Debug|Any CPU = Debug|Any CPU
		Release|Any CPU = Release|Any CPU
	EndGlobalSection
	GlobalSection(ProjectConfigurationPlatforms) = postSolution
		{66996517-087A-4443-B6C0-4727B40189D8}.Debug|Any CPU.ActiveCfg = Debug|Any CPU
		{66996517-087A-4443-B6C0-4727B40189D8}.Debug|Any CPU.Build.0 = Debug|Any CPU
		{66996517-087A-4443-B6C0-4727B40189D8}.Release|Any CPU.ActiveCfg = Release|Any CPU
		{66996517-087A-4443-B6C0-4727B40189D8}.Release|Any CPU.Build.0 = Release|Any CPU
		{F5B2F9C2-A585-43D3-A1E6-BA85FD7ACE06}.Debug|Any CPU.ActiveCfg = Debug|Any CPU
		{F5B2F9C2-A585-43D3-A1E6-BA85FD7ACE06}.Debug|Any CPU.Build.0 = Debug|Any CPU
		{F5B2F9C2-A585-43D3-A1E6-BA85FD7ACE06}.Release|Any CPU.ActiveCfg = Release|Any CPU
		{F5B2F9C2-A585-43D3-A1E6-BA85FD7ACE06}.Release|Any CPU.Build.0 = Release|Any CPU
		{893FDEE1-9A76-4D41-A8B1-33D59CC61F81}.Debug|Any CPU.ActiveCfg = Debug|Any CPU
		{893FDEE1-9A76-4D41-A8B1-33D59CC61F81}.Debug|Any CPU.Build.0 = Debug|Any CPU
		{893FDEE1-9A76-4D41-A8B1-33D59CC61F81}.Release|Any CPU.ActiveCfg = Release|Any CPU
		{893FDEE1-9A76-4D41-A8B1-33D59CC61F81}.Release|Any CPU.Build.0 = Release|Any CPU
		{6BC6887D-B112-4398-BFA3-A3288AC9A224}.Debug|Any CPU.ActiveCfg = Debug|Any CPU
		{6BC6887D-B112-4398-BFA3-A3288AC9A224}.Debug|Any CPU.Build.0 = Debug|Any CPU
		{6BC6887D-B112-4398-BFA3-A3288AC9A224}.Release|Any CPU.ActiveCfg = Release|Any CPU
		{6BC6887D-B112-4398-BFA3-A3288AC9A224}.Release|Any CPU.Build.0 = Release|Any CPU
	EndGlobalSection
	GlobalSection(SolutionProperties) = preSolution
		HideSolutionNode = FALSE
	EndGlobalSection
	GlobalSection(ExtensibilityGlobals) = postSolution
		SolutionGuid = {F4786B0B-ED44-477A-828F-D455C92FB1EE}
	EndGlobalSection
EndGlobal
